// !$*UTF8*$!
{
	archiveVersion = 1;
	classes = {
	};
	objectVersion = 55;
	objects = {

/* Begin PBXBuildFile section */
		C3DB558F2720F47900BD2A7C /* AppDelegate.m in Sources */ = {isa = PBXBuildFile; fileRef = C3DB558E2720F47900BD2A7C /* AppDelegate.m */; };
		C3DB55922720F47900BD2A7C /* ViewController.m in Sources */ = {isa = PBXBuildFile; fileRef = C3DB55912720F47900BD2A7C /* ViewController.m */; };
		C3DB55942720F47B00BD2A7C /* Assets.xcassets in Resources */ = {isa = PBXBuildFile; fileRef = C3DB55932720F47B00BD2A7C /* Assets.xcassets */; };
		C3DB55972720F47B00BD2A7C /* Main.storyboard in Resources */ = {isa = PBXBuildFile; fileRef = C3DB55952720F47B00BD2A7C /* Main.storyboard */; };
		C3DB55992720F47B00BD2A7C /* main.m in Sources */ = {isa = PBXBuildFile; fileRef = C3DB55982720F47B00BD2A7C /* main.m */; };
		C3DB55A52721056100BD2A7C /* DownloadOperation.m in Sources */ = {isa = PBXBuildFile; fileRef = C3DB55A42721056100BD2A7C /* DownloadOperation.m */; };
/* End PBXBuildFile section */

/* Begin PBXFileReference section */
		C3DB558A2720F47900BD2A7C /* DownloadOperationQueue.app */ = {isa = PBXFileReference; explicitFileType = wrapper.application; includeInIndex = 0; path = DownloadOperationQueue.app; sourceTree = BUILT_PRODUCTS_DIR; };
		C3DB558D2720F47900BD2A7C /* AppDelegate.h */ = {isa = PBXFileReference; lastKnownFileType = sourcecode.c.h; path = AppDelegate.h; sourceTree = "<group>"; };
		C3DB558E2720F47900BD2A7C /* AppDelegate.m */ = {isa = PBXFileReference; lastKnownFileType = sourcecode.c.objc; path = AppDelegate.m; sourceTree = "<group>"; };
		C3DB55902720F47900BD2A7C /* ViewController.h */ = {isa = PBXFileReference; lastKnownFileType = sourcecode.c.h; path = ViewController.h; sourceTree = "<group>"; };
		C3DB55912720F47900BD2A7C /* ViewController.m */ = {isa = PBXFileReference; lastKnownFileType = sourcecode.c.objc; path = ViewController.m; sourceTree = "<group>"; };
		C3DB55932720F47B00BD2A7C /* Assets.xcassets */ = {isa = PBXFileReference; lastKnownFileType = folder.assetcatalog; path = Assets.xcassets; sourceTree = "<group>"; };
		C3DB55962720F47B00BD2A7C /* Base */ = {isa = PBXFileReference; lastKnownFileType = file.storyboard; name = Base; path = Base.lproj/Main.storyboard; sourceTree = "<group>"; };
		C3DB55982720F47B00BD2A7C /* main.m */ = {isa = PBXFileReference; lastKnownFileType = sourcecode.c.objc; path = main.m; sourceTree = "<group>"; };
		C3DB559A2720F47B00BD2A7C /* DownloadOperationQueue.entitlements */ = {isa = PBXFileReference; lastKnownFileType = text.plist.entitlements; path = DownloadOperationQueue.entitlements; sourceTree = "<group>"; };
		C3DB55A32721056100BD2A7C /* DownloadOperation.h */ = {isa = PBXFileReference; lastKnownFileType = sourcecode.c.h; path = DownloadOperation.h; sourceTree = "<group>"; };
		C3DB55A42721056100BD2A7C /* DownloadOperation.m */ = {isa = PBXFileReference; lastKnownFileType = sourcecode.c.objc; path = DownloadOperation.m; sourceTree = "<group>"; };
/* End PBXFileReference section */

/* Begin PBXFrameworksBuildPhase section */
		C3DB55872720F47900BD2A7C /* Frameworks */ = {
			isa = PBXFrameworksBuildPhase;
			buildActionMask = 2147483647;
			files = (
			);
			runOnlyForDeploymentPostprocessing = 0;
		};
/* End PBXFrameworksBuildPhase section */

/* Begin PBXGroup section */
		C3DB55812720F47900BD2A7C = {
			isa = PBXGroup;
			children = (
				C3DB558C2720F47900BD2A7C /* DownloadOperationQueue */,
				C3DB558B2720F47900BD2A7C /* Products */,
			);
			sourceTree = "<group>";
		};
		C3DB558B2720F47900BD2A7C /* Products */ = {
			isa = PBXGroup;
			children = (
				C3DB558A2720F47900BD2A7C /* DownloadOperationQueue.app */,
			);
			name = Products;
			sourceTree = "<group>";
		};
		C3DB558C2720F47900BD2A7C /* DownloadOperationQueue */ = {
			isa = PBXGroup;
			children = (
				C3DB55A32721056100BD2A7C /* DownloadOperation.h */,
				C3DB55A42721056100BD2A7C /* DownloadOperation.m */,
				C3DB558D2720F47900BD2A7C /* AppDelegate.h */,
				C3DB558E2720F47900BD2A7C /* AppDelegate.m */,
				C3DB55902720F47900BD2A7C /* ViewController.h */,
				C3DB55912720F47900BD2A7C /* ViewController.m */,
				C3DB55932720F47B00BD2A7C /* Assets.xcassets */,
				C3DB55952720F47B00BD2A7C /* Main.storyboard */,
				C3DB55982720F47B00BD2A7C /* main.m */,
				C3DB559A2720F47B00BD2A7C /* DownloadOperationQueue.entitlements */,
			);
			path = DownloadOperationQueue;
			sourceTree = "<group>";
		};
/* End PBXGroup section */

/* Begin PBXNativeTarget section */
		C3DB55892720F47900BD2A7C /* DownloadOperationQueue */ = {
			isa = PBXNativeTarget;
			buildConfigurationList = C3DB559D2720F47B00BD2A7C /* Build configuration list for PBXNativeTarget "DownloadOperationQueue" */;
			buildPhases = (
				C3DB55862720F47900BD2A7C /* Sources */,
				C3DB55872720F47900BD2A7C /* Frameworks */,
				C3DB55882720F47900BD2A7C /* Resources */,
			);
			buildRules = (
			);
			dependencies = (
			);
			name = DownloadOperationQueue;
			productName = DownloadOperationQueue;
			productReference = C3DB558A2720F47900BD2A7C /* DownloadOperationQueue.app */;
			productType = "com.apple.product-type.application";
		};
/* End PBXNativeTarget section */

/* Begin PBXProject section */
		C3DB55822720F47900BD2A7C /* Project object */ = {
			isa = PBXProject;
			attributes = {
				BuildIndependentTargetsInParallel = 1;
				LastUpgradeCheck = 1300;
				TargetAttributes = {
					C3DB55892720F47900BD2A7C = {
						CreatedOnToolsVersion = 13.0;
					};
				};
			};
			buildConfigurationList = C3DB55852720F47900BD2A7C /* Build configuration list for PBXProject "DownloadOperationQueue" */;
			compatibilityVersion = "Xcode 13.0";
			developmentRegion = en;
			hasScannedForEncodings = 0;
			knownRegions = (
				en,
				Base,
			);
			mainGroup = C3DB55812720F47900BD2A7C;
			productRefGroup = C3DB558B2720F47900BD2A7C /* Products */;
			projectDirPath = "";
			projectRoot = "";
			targets = (
				C3DB55892720F47900BD2A7C /* DownloadOperationQueue */,
			);
		};
/* End PBXProject section */

/* Begin PBXResourcesBuildPhase section */
		C3DB55882720F47900BD2A7C /* Resources */ = {
			isa = PBXResourcesBuildPhase;
			buildActionMask = 2147483647;
			files = (
				C3DB55942720F47B00BD2A7C /* Assets.xcassets in Resources */,
				C3DB55972720F47B00BD2A7C /* Main.storyboard in Resources */,
			);
			runOnlyForDeploymentPostprocessing = 0;
		};
/* End PBXResourcesBuildPhase section */

/* Begin PBXSourcesBuildPhase section */
		C3DB55862720F47900BD2A7C /* Sources */ = {
			isa = PBXSourcesBuildPhase;
			buildActionMask = 2147483647;
			files = (
				C3DB55922720F47900BD2A7C /* ViewController.m in Sources */,
				C3DB55A52721056100BD2A7C /* DownloadOperation.m in Sources */,
				C3DB55992720F47B00BD2A7C /* main.m in Sources */,
				C3DB558F2720F47900BD2A7C /* AppDelegate.m in Sources */,
			);
			runOnlyForDeploymentPostprocessing = 0;
		};
/* End PBXSourcesBuildPhase section */

/* Begin PBXVariantGroup section */
		C3DB55952720F47B00BD2A7C /* Main.storyboard */ = {
			isa = PBXVariantGroup;
			children = (
				C3DB55962720F47B00BD2A7C /* Base */,
			);
			name = Main.storyboard;
			sourceTree = "<group>";
		};
/* End PBXVariantGroup section */

/* Begin XCBuildConfiguration section */
		C3DB559B2720F47B00BD2A7C /* Debug */ = {
			isa = XCBuildConfiguration;
			buildSettings = {
				ALWAYS_SEARCH_USER_PATHS = NO;
				CLANG_ANALYZER_NONNULL = YES;
				CLANG_ANALYZER_NUMBER_OBJECT_CONVERSION = YES_AGGRESSIVE;
				CLANG_CXX_LANGUAGE_STANDARD = "gnu++17";
				CLANG_CXX_LIBRARY = "libc++";
				CLANG_ENABLE_MODULES = YES;
				CLANG_ENABLE_OBJC_ARC = YES;
				CLANG_ENABLE_OBJC_WEAK = YES;
				CLANG_WARN_BLOCK_CAPTURE_AUTORELEASING = YES;
				CLANG_WARN_BOOL_CONVERSION = YES;
				CLANG_WARN_COMMA = YES;
				CLANG_WARN_CONSTANT_CONVERSION = YES;
				CLANG_WARN_DEPRECATED_OBJC_IMPLEMENTATIONS = YES;
				CLANG_WARN_DIRECT_OBJC_ISA_USAGE = YES_ERROR;
				CLANG_WARN_DOCUMENTATION_COMMENTS = YES;
				CLANG_WARN_EMPTY_BODY = YES;
				CLANG_WARN_ENUM_CONVERSION = YES;
				CLANG_WARN_INFINITE_RECURSION = YES;
				CLANG_WARN_INT_CONVERSION = YES;
				CLANG_WARN_NON_LITERAL_NULL_CONVERSION = YES;
				CLANG_WARN_OBJC_IMPLICIT_RETAIN_SELF = YES;
				CLANG_WARN_OBJC_LITERAL_CONVERSION = YES;
				CLANG_WARN_OBJC_ROOT_CLASS = YES_ERROR;
				CLANG_WARN_QUOTED_INCLUDE_IN_FRAMEWORK_HEADER = YES;
				CLANG_WARN_RANGE_LOOP_ANALYSIS = YES;
				CLANG_WARN_STRICT_PROTOTYPES = YES;
				CLANG_WARN_SUSPICIOUS_MOVE = YES;
				CLANG_WARN_UNGUARDED_AVAILABILITY = YES_AGGRESSIVE;
				CLANG_WARN_UNREACHABLE_CODE = YES;
				CLANG_WARN__DUPLICATE_METHOD_MATCH = YES;
				COPY_PHASE_STRIP = NO;
				DEBUG_INFORMATION_FORMAT = dwarf;
				ENABLE_STRICT_OBJC_MSGSEND = YES;
				ENABLE_TESTABILITY = YES;
				GCC_C_LANGUAGE_STANDARD = gnu11;
				GCC_DYNAMIC_NO_PIC = NO;
				GCC_NO_COMMON_BLOCKS = YES;
				GCC_OPTIMIZATION_LEVEL = 0;
				GCC_PREPROCESSOR_DEFINITIONS = (
					"DEBUG=1",
					"$(inherited)",
				);
				GCC_WARN_64_TO_32_BIT_CONVERSION = YES;
				GCC_WARN_ABOUT_RETURN_TYPE = YES_ERROR;
				GCC_WARN_UNDECLARED_SELECTOR = YES;
				GCC_WARN_UNINITIALIZED_AUTOS = YES_AGGRESSIVE;
				GCC_WARN_UNUSED_FUNCTION = YES;
				GCC_WARN_UNUSED_VARIABLE = YES;
				MACOSX_DEPLOYMENT_TARGET = 11.3;
				MTL_ENABLE_DEBUG_INFO = INCLUDE_SOURCE;
				MTL_FAST_MATH = YES;
				ONLY_ACTIVE_ARCH = YES;
				SDKROOT = macosx;
			};
			name = Debug;
		};
		C3DB559C2720F47B00BD2A7C /* Release */ = {
			isa = XCBuildConfiguration;
			buildSettings = {
				ALWAYS_SEARCH_USER_PATHS = NO;
				CLANG_ANALYZER_NONNULL = YES;
				CLANG_ANALYZER_NUMBER_OBJECT_CONVERSION = YES_AGGRESSIVE;
				CLANG_CXX_LANGUAGE_STANDARD = "gnu++17";
				CLANG_CXX_LIBRARY = "libc++";
				CLANG_ENABLE_MODULES = YES;
				CLANG_ENABLE_OBJC_ARC = YES;
				CLANG_ENABLE_OBJC_WEAK = YES;
				CLANG_WARN_BLOCK_CAPTURE_AUTORELEASING = YES;
				CLANG_WARN_BOOL_CONVERSION = YES;
				CLANG_WARN_COMMA = YES;
				CLANG_WARN_CONSTANT_CONVERSION = YES;
				CLANG_WARN_DEPRECATED_OBJC_IMPLEMENTATIONS = YES;
				CLANG_WARN_DIRECT_OBJC_ISA_USAGE = YES_ERROR;
				CLANG_WARN_DOCUMENTATION_COMMENTS = YES;
				CLANG_WARN_EMPTY_BODY = YES;
				CLANG_WARN_ENUM_CONVERSION = YES;
				CLANG_WARN_INFINITE_RECURSION = YES;
				CLANG_WARN_INT_CONVERSION = YES;
				CLANG_WARN_NON_LITERAL_NULL_CONVERSION = YES;
				CLANG_WARN_OBJC_IMPLICIT_RETAIN_SELF = YES;
				CLANG_WARN_OBJC_LITERAL_CONVERSION = YES;
				CLANG_WARN_OBJC_ROOT_CLASS = YES_ERROR;
				CLANG_WARN_QUOTED_INCLUDE_IN_FRAMEWORK_HEADER = YES;
				CLANG_WARN_RANGE_LOOP_ANALYSIS = YES;
				CLANG_WARN_STRICT_PROTOTYPES = YES;
				CLANG_WARN_SUSPICIOUS_MOVE = YES;
				CLANG_WARN_UNGUARDED_AVAILABILITY = YES_AGGRESSIVE;
				CLANG_WARN_UNREACHABLE_CODE = YES;
				CLANG_WARN__DUPLICATE_METHOD_MATCH = YES;
				COPY_PHASE_STRIP = NO;
				DEBUG_INFORMATION_FORMAT = "dwarf-with-dsym";
				ENABLE_NS_ASSERTIONS = NO;
				ENABLE_STRICT_OBJC_MSGSEND = YES;
				GCC_C_LANGUAGE_STANDARD = gnu11;
				GCC_NO_COMMON_BLOCKS = YES;
				GCC_WARN_64_TO_32_BIT_CONVERSION = YES;
				GCC_WARN_ABOUT_RETURN_TYPE = YES_ERROR;
				GCC_WARN_UNDECLARED_SELECTOR = YES;
				GCC_WARN_UNINITIALIZED_AUTOS = YES_AGGRESSIVE;
				GCC_WARN_UNUSED_FUNCTION = YES;
				GCC_WARN_UNUSED_VARIABLE = YES;
				MACOSX_DEPLOYMENT_TARGET = 11.3;
				MTL_ENABLE_DEBUG_INFO = NO;
				MTL_FAST_MATH = YES;
				SDKROOT = macosx;
			};
			name = Release;
		};
		C3DB559E2720F47B00BD2A7C /* Debug */ = {
			isa = XCBuildConfiguration;
			buildSettings = {
				ASSETCATALOG_COMPILER_APPICON_NAME = AppIcon;
				ASSETCATALOG_COMPILER_GLOBAL_ACCENT_COLOR_NAME = AccentColor;
				CODE_SIGN_ENTITLEMENTS = DownloadOperationQueue/DownloadOperationQueue.entitlements;
				CODE_SIGN_STYLE = Manual;
				COMBINE_HIDPI_IMAGES = YES;
				CURRENT_PROJECT_VERSION = 1;
				DEVELOPMENT_TEAM = "";
				ENABLE_HARDENED_RUNTIME = YES;
				GENERATE_INFOPLIST_FILE = YES;
				INFOPLIST_KEY_NSHumanReadableCopyright = "";
				INFOPLIST_KEY_NSMainStoryboardFile = Main;
				INFOPLIST_KEY_NSPrincipalClass = NSApplication;
				LD_RUNPATH_SEARCH_PATHS = (
					"$(inherited)",
					"@executable_path/../Frameworks",
				);
				MARKETING_VERSION = 1.0;
				PRODUCT_BUNDLE_IDENTIFIER = net.ccxvii.spatterlight.DownloadOperationQueue;
				PRODUCT_NAME = "$(TARGET_NAME)";
				PROVISIONING_PROFILE_SPECIFIER = "";
				SWIFT_EMIT_LOC_STRINGS = YES;
			};
			name = Debug;
		};
		C3DB559F2720F47B00BD2A7C /* Release */ = {
			isa = XCBuildConfiguration;
			buildSettings = {
				ASSETCATALOG_COMPILER_APPICON_NAME = AppIcon;
				ASSETCATALOG_COMPILER_GLOBAL_ACCENT_COLOR_NAME = AccentColor;
				CODE_SIGN_ENTITLEMENTS = DownloadOperationQueue/DownloadOperationQueue.entitlements;
				CODE_SIGN_STYLE = Manual;
				COMBINE_HIDPI_IMAGES = YES;
				CURRENT_PROJECT_VERSION = 1;
				DEVELOPMENT_TEAM = "";
				ENABLE_HARDENED_RUNTIME = YES;
				GENERATE_INFOPLIST_FILE = YES;
				INFOPLIST_KEY_NSHumanReadableCopyright = "";
				INFOPLIST_KEY_NSMainStoryboardFile = Main;
				INFOPLIST_KEY_NSPrincipalClass = NSApplication;
				LD_RUNPATH_SEARCH_PATHS = (
					"$(inherited)",
					"@executable_path/../Frameworks",
				);
				MARKETING_VERSION = 1.0;
				PRODUCT_BUNDLE_IDENTIFIER = net.ccxvii.spatterlight.DownloadOperationQueue;
				PRODUCT_NAME = "$(TARGET_NAME)";
				PROVISIONING_PROFILE_SPECIFIER = "";
				SWIFT_EMIT_LOC_STRINGS = YES;
			};
			name = Release;
		};
/* End XCBuildConfiguration section */

/* Begin XCConfigurationList section */
		C3DB55852720F47900BD2A7C /* Build configuration list for PBXProject "DownloadOperationQueue" */ = {
			isa = XCConfigurationList;
			buildConfigurations = (
				C3DB559B2720F47B00BD2A7C /* Debug */,
				C3DB559C2720F47B00BD2A7C /* Release */,
			);
			defaultConfigurationIsVisible = 0;
			defaultConfigurationName = Release;
		};
		C3DB559D2720F47B00BD2A7C /* Build configuration list for PBXNativeTarget "DownloadOperationQueue" */ = {
			isa = XCConfigurationList;
			buildConfigurations = (
				C3DB559E2720F47B00BD2A7C /* Debug */,
				C3DB559F2720F47B00BD2A7C /* Release */,
			);
			defaultConfigurationIsVisible = 0;
			defaultConfigurationName = Release;
		};
/* End XCConfigurationList section */
	};
	rootObject = C3DB55822720F47900BD2A7C /* Project object */;
}
